
Microsoft Visual Studio Solution File, Format Version 12.00
# Visual Studio Version 17
VisualStudioVersion = 17.13.35825.156
MinimumVisualStudioVersion = 10.0.40219.1
Project("{2150E333-8FDC-42A3-9474-1A3956D46DE8}") = "src", "src", "{02EA681E-C7D8-13C7-8484-4AC65E1B71E8}"
EndProject
Project("{FAE04EC0-301F-11D3-BF4B-00C04F79EFBC}") = "Ecommorce.Core", "Ecommorce.Core\Ecommorce.Core.csproj", "{618B6486-B954-4951-B280-0BD7571C9086}"
EndProject
Project("{FAE04EC0-301F-11D3-BF4B-00C04F79EFBC}") = "Ecommorce.infrastructure", "Ecommorce .infrastructure\Ecommorce.infrastructure.csproj", "{D1A6939B-45A8-4F21-8661-BBFE5CA168D0}"
EndProject
Project("{FAE04EC0-301F-11D3-BF4B-00C04F79EFBC}") = "Ecommorce.API", "Ecommorce.API\Ecommorce.API.csproj", "{D4FB8B7A-0881-49D2-B9CD-A89ED038372E}"
EndProject
Global
	GlobalSection(SolutionConfigurationPlatforms) = preSolution
		Debug|Any CPU = Debug|Any CPU
		Release|Any CPU = Release|Any CPU
	EndGlobalSection
	GlobalSection(ProjectConfigurationPlatforms) = postSolution
		{618B6486-B954-4951-B280-0BD7571C9086}.Debug|Any CPU.ActiveCfg = Debug|Any CPU
		{618B6486-B954-4951-B280-0BD7571C9086}.Debug|Any CPU.Build.0 = Debug|Any CPU
		{618B6486-B954-4951-B280-0BD7571C9086}.Release|Any CPU.ActiveCfg = Release|Any CPU
		{618B6486-B954-4951-B280-0BD7571C9086}.Release|Any CPU.Build.0 = Release|Any CPU
		{D1A6939B-45A8-4F21-8661-BBFE5CA168D0}.Debug|Any CPU.ActiveCfg = Debug|Any CPU
		{D1A6939B-45A8-4F21-8661-BBFE5CA168D0}.Debug|Any CPU.Build.0 = Debug|Any CPU
		{D1A6939B-45A8-4F21-8661-BBFE5CA168D0}.Release|Any CPU.ActiveCfg = Release|Any CPU
		{D1A6939B-45A8-4F21-8661-BBFE5CA168D0}.Release|Any CPU.Build.0 = Release|Any CPU
		{D4FB8B7A-0881-49D2-B9CD-A89ED038372E}.Debug|Any CPU.ActiveCfg = Debug|Any CPU
		{D4FB8B7A-0881-49D2-B9CD-A89ED038372E}.Debug|Any CPU.Build.0 = Debug|Any CPU
		{D4FB8B7A-0881-49D2-B9CD-A89ED038372E}.Release|Any CPU.ActiveCfg = Release|Any CPU
		{D4FB8B7A-0881-49D2-B9CD-A89ED038372E}.Release|Any CPU.Build.0 = Release|Any CPU
	EndGlobalSection
	GlobalSection(SolutionProperties) = preSolution
		HideSolutionNode = FALSE
	EndGlobalSection
	GlobalSection(NestedProjects) = preSolution
		{618B6486-B954-4951-B280-0BD7571C9086} = {02EA681E-C7D8-13C7-8484-4AC65E1B71E8}
		{D1A6939B-45A8-4F21-8661-BBFE5CA168D0} = {02EA681E-C7D8-13C7-8484-4AC65E1B71E8}
		{D4FB8B7A-0881-49D2-B9CD-A89ED038372E} = {02EA681E-C7D8-13C7-8484-4AC65E1B71E8}
	EndGlobalSection
	GlobalSection(ExtensibilityGlobals) = postSolution
		SolutionGuid = {70D693B2-D446-445D-84C3-5A6F694C2FF3}
	EndGlobalSection
EndGlobal
